github.com/go-telegram/bot v1.14.2 h1:j9hXerxTuvkw7yFi3sF5jjRVGozNVKkMQSKjMeBJ5FY=
github.com/go-telegram/bot v1.14.2/go.mod h1:i2TRs7fXWIeaceF3z7KzsMt/he0TwkVC680mvdTFYeM=
github.com/go-telegram/bot v1.15.0 h1:/ba5pp084MUhjR5sQDymQ7JNZ001CQa7QjtxLWcuGpg=
github.com/go-telegram/bot v1.15.0/go.mod h1:i2TRs7fXWIeaceF3z7KzsMt/he0TwkVC680mvdTFYeM=
